{
  "nodes": {
    "flakeNimbleLib": {
      "inputs": {
        "nixpkgs": [
          "nixpkgs"
        ]
      },
      "locked": {
        "lastModified": 1662018438,
        "narHash": "sha256-QtNtU6+LX3Wokxf0zlFwKTFOcn6TeDjKQZ+DA9OYtvM=",
        "owner": "riinr",
        "repo": "nim-flakes-lib",
        "rev": "b1fe8340736e3a85d25c709ac3dfd82a55c03cbf",
        "type": "github"
      },
      "original": {
        "owner": "riinr",
        "ref": "master",
        "repo": "nim-flakes-lib",
        "type": "github"
      }
    },
    "nim_searches-master": {
      "inputs": {
        "flakeNimbleLib": [
          "flakeNimbleLib"
        ],
        "nixpkgs": [
          "nixpkgs"
        ],
        "src-nim_searches-master": "src-nim_searches-master"
      },
      "locked": {
        "dir": "master",
        "lastModified": 1662254682,
        "narHash": "sha256-uN3KWzz1mQMc7zifPo63G0u4KABLJcoawxBik5/asCU=",
        "owner": "nim-nix-pkgs",
        "repo": "nim_searches",
        "rev": "bdc3cf444f0cd2ae49485eb95cf695478c579366",
        "type": "github"
      },
      "original": {
        "dir": "master",
        "owner": "nim-nix-pkgs",
        "ref": "master",
        "repo": "nim_searches",
        "type": "github"
      }
    },
    "nixpkgs": {
      "locked": {
        "lastModified": 1667110639,
        "narHash": "sha256-4FbPESZ5LbqQxkJJJBAfk/zKgF9h/4kyUwjjpJwYlbc=",
        "owner": "NixOS",
        "repo": "nixpkgs",
        "rev": "f38a1f04d1bec1feb61fd101a0539ae2002a7087",
        "type": "github"
      },
      "original": {
        "id": "nixpkgs",
        "type": "indirect"
      }
    },
    "root": {
      "inputs": {
        "flakeNimbleLib": "flakeNimbleLib",
        "nim_searches-master": "nim_searches-master",
        "nixpkgs": "nixpkgs"
      }
    },
    "src-nim_searches-master": {
      "flake": false,
      "locked": {
        "lastModified": 1593510761,
        "narHash": "sha256-15SD30hhwD0JnR1z6kelrcRyAJSW6HeZY5HUwjj7FZk=",
        "owner": "nnahito",
        "repo": "nim_searched",
        "rev": "915bae8bb207e9e4a530dfa0c5d10c25a25cf05f",
        "type": "github"
      },
      "original": {
        "owner": "nnahito",
        "ref": "refs/heads/master",
        "repo": "nim_searched",
        "type": "github"
      }
    }
  },
  "root": "root",
  "version": 7
}
